
Microsoft Visual Studio Solution File, Format Version 12.00
# Visual Studio Version 17
VisualStudioVersion = 17.5.33516.290
MinimumVisualStudioVersion = 10.0.40219.1
Project("{D2ABAB84-BF74-430A-B69E-9DC6D40DDA17}") = "AdventureWorks", "AdventureWorks\AdventureWorks.dwproj", "{95EDB29B-B830-445F-9A4A-4304E7CE8D69}"
EndProject
Global
	GlobalSection(SolutionConfigurationPlatforms) = preSolution
		Development|Default = Development|Default
	EndGlobalSection
	GlobalSection(ProjectConfigurationPlatforms) = postSolution
		{95EDB29B-B830-445F-9A4A-4304E7CE8D69}.Development|Default.ActiveCfg = Development
		{95EDB29B-B830-445F-9A4A-4304E7CE8D69}.Development|Default.Build.0 = Development
		{95EDB29B-B830-445F-9A4A-4304E7CE8D69}.Development|Default.Deploy.0 = Development
	EndGlobalSection
	GlobalSection(SolutionProperties) = preSolution
		HideSolutionNode = FALSE
	EndGlobalSection
	GlobalSection(ExtensibilityGlobals) = postSolution
		SolutionGuid = {80C2CA89-1ECA-467C-AE0F-4447ED436B08}
	EndGlobalSection
EndGlobal
